{
  "name": "frontend_recipe",
  "lockfileVersion": 3,
  "requires": true,
  "packages": {
    "": {
      "dependencies": {
        "@sencha/ext-ux": "^7.7.0"
      }
    },
    "node_modules/@sencha/ext-ux": {
      "version": "7.7.0",
      "resolved": "https://registry.npmjs.org/@sencha/ext-ux/-/ext-ux-7.7.0.tgz",
      "integrity": "sha512-jtWbPXPRmx6j9pa7+ICgLqjcvXPyZWcU1NRmWKxEij6QN+aWkQNExbEAhJHQgEWfQl6Z+03tcxOJybyNCaB3Cg==",
      "hasInstallScript": true
    }
  }
}
